// !$*UTF8*$!
{
	archiveVersion = 1;
	classes = {
	};
	objectVersion = 51;
	objects = {

/* Begin PBXBuildFile section */
		D00A7BB922207C9100D9D7DF /* AutoBoxable.swift in Sources */ = {isa = PBXBuildFile; fileRef = D00A7BB822207C9100D9D7DF /* AutoBoxable.swift */; };
		D00A7BBC22207DF000D9D7DF /* autoboxable.generated.swift in Sources */ = {isa = PBXBuildFile; fileRef = D00A7BBB22207DF000D9D7DF /* autoboxable.generated.swift */; };
		D01D900D226A222E00305E1B /* PlainListLayout.swift in Sources */ = {isa = PBXBuildFile; fileRef = D01D900C226A222E00305E1B /* PlainListLayout.swift */; };
		D01D900F226A303800305E1B /* AlbumsScrollerLayout.swift in Sources */ = {isa = PBXBuildFile; fileRef = D01D900E226A303800305E1B /* AlbumsScrollerLayout.swift */; };
		D01D9011226A415400305E1B /* SearchTypesLayout.swift in Sources */ = {isa = PBXBuildFile; fileRef = D01D9010226A415400305E1B /* SearchTypesLayout.swift */; };
		D01D9013226A416500305E1B /* SearchResultsLayout.swift in Sources */ = {isa = PBXBuildFile; fileRef = D01D9012226A416500305E1B /* SearchResultsLayout.swift */; };
		D01D9016226A42D600305E1B /* SearchTypeCell.xib in Resources */ = {isa = PBXBuildFile; fileRef = D01D9014226A42D600305E1B /* SearchTypeCell.xib */; };
		D01D9017226A42D600305E1B /* SearchTypeCell.swift in Sources */ = {isa = PBXBuildFile; fileRef = D01D9015226A42D600305E1B /* SearchTypeCell.swift */; };
		D01D9019226A487E00305E1B /* SearchResultsController.swift in Sources */ = {isa = PBXBuildFile; fileRef = D01D9018226A487E00305E1B /* SearchResultsController.swift */; };
		D02D9C99221F1E9A00DD6AD0 /* ApplicationCoordinator.swift in Sources */ = {isa = PBXBuildFile; fileRef = D02D9C98221F1E9A00DD6AD0 /* ApplicationCoordinator.swift */; };
		D02D9C9B221F25D200DD6AD0 /* ContentCoordinator.swift in Sources */ = {isa = PBXBuildFile; fileRef = D02D9C9A221F25D200DD6AD0 /* ContentCoordinator.swift */; };
		D02D9C9D221F334D00DD6AD0 /* Content-CoordinatingResponder.swift in Sources */ = {isa = PBXBuildFile; fileRef = D02D9C9C221F334D00DD6AD0 /* Content-CoordinatingResponder.swift */; };
		D034FA4722248C48000748C4 /* DateFormatter-AppExtensions.swift in Sources */ = {isa = PBXBuildFile; fileRef = D034FA4422248C48000748C4 /* DateFormatter-AppExtensions.swift */; };
		D034FA4822248C48000748C4 /* Marshal-Extensions.swift in Sources */ = {isa = PBXBuildFile; fileRef = D034FA4522248C48000748C4 /* Marshal-Extensions.swift */; };
		D034FA4922248C48000748C4 /* NumberFormatter-AppExtensions.swift in Sources */ = {isa = PBXBuildFile; fileRef = D034FA4622248C48000748C4 /* NumberFormatter-AppExtensions.swift */; };
		D034FA4B222490FD000748C4 /* Album-Extensions.swift in Sources */ = {isa = PBXBuildFile; fileRef = D034FA4A222490FD000748C4 /* Album-Extensions.swift */; };
		D034FA4D222557F0000748C4 /* Track-Extensions.swift in Sources */ = {isa = PBXBuildFile; fileRef = D034FA4C222557F0000748C4 /* Track-Extensions.swift */; };
		D034FA5022255A6A000748C4 /* TrackCell.swift in Sources */ = {isa = PBXBuildFile; fileRef = D034FA4E22255A6A000748C4 /* TrackCell.swift */; };
		D034FA5122255A6A000748C4 /* TrackCell.xib in Resources */ = {isa = PBXBuildFile; fileRef = D034FA4F22255A6A000748C4 /* TrackCell.xib */; };
		D034FA53222579FE000748C4 /* TrackListLayout.swift in Sources */ = {isa = PBXBuildFile; fileRef = D034FA52222579FE000748C4 /* TrackListLayout.swift */; };
		D06F6AFF2248188C008A2D09 /* EmptyPlaylist.xib in Resources */ = {isa = PBXBuildFile; fileRef = D06F6AFE2248188C008A2D09 /* EmptyPlaylist.xib */; };
		D06F6B0122481A16008A2D09 /* EmptyPlaylist.swift in Sources */ = {isa = PBXBuildFile; fileRef = D06F6B0022481A16008A2D09 /* EmptyPlaylist.swift */; };
		D0763FFC221ADE9B00304D21 /* Coordinator.framework in Frameworks */ = {isa = PBXBuildFile; fileRef = D0763FF8221ADE9B00304D21 /* Coordinator.framework */; };
		D0763FFD221ADE9B00304D21 /* CardPresentationController.framework in Frameworks */ = {isa = PBXBuildFile; fileRef = D0763FF9221ADE9B00304D21 /* CardPresentationController.framework */; };
		D0763FFF221ADE9B00304D21 /* Avenue.framework in Frameworks */ = {isa = PBXBuildFile; fileRef = D0763FFB221ADE9B00304D21 /* Avenue.framework */; };
		D0764017221AE15300304D21 /* AsyncOperation.swift in Sources */ = {isa = PBXBuildFile; fileRef = D0764003221AE15300304D21 /* AsyncOperation.swift */; };
		D0764018221AE15300304D21 /* NumberFormatter-Extensions.swift in Sources */ = {isa = PBXBuildFile; fileRef = D0764005221AE15300304D21 /* NumberFormatter-Extensions.swift */; };
		D0764019221AE15300304D21 /* String-Extensions.swift in Sources */ = {isa = PBXBuildFile; fileRef = D0764006221AE15300304D21 /* String-Extensions.swift */; };
		D076401A221AE15300304D21 /* DateFormatter-Extensions.swift in Sources */ = {isa = PBXBuildFile; fileRef = D0764007221AE15300304D21 /* DateFormatter-Extensions.swift */; };
		D076401B221AE15300304D21 /* DispatchQueue-Extensions.swift in Sources */ = {isa = PBXBuildFile; fileRef = D0764008221AE15300304D21 /* DispatchQueue-Extensions.swift */; };
		D076401C221AE15300304D21 /* Date-Extensions.swift in Sources */ = {isa = PBXBuildFile; fileRef = D0764009221AE15300304D21 /* Date-Extensions.swift */; };
		D076401D221AE15300304D21 /* Bundle-Extensions.swift in Sources */ = {isa = PBXBuildFile; fileRef = D076400A221AE15300304D21 /* Bundle-Extensions.swift */; };
		D076401E221AE15300304D21 /* OperationQueue-Extensions.swift in Sources */ = {isa = PBXBuildFile; fileRef = D076400B221AE15300304D21 /* OperationQueue-Extensions.swift */; };
		D076401F221AE15300304D21 /* FileManager-Extensions.swift in Sources */ = {isa = PBXBuildFile; fileRef = D076400C221AE15300304D21 /* FileManager-Extensions.swift */; };
		D0764020221AE15300304D21 /* Atomic.swift in Sources */ = {isa = PBXBuildFile; fileRef = D076400D221AE15300304D21 /* Atomic.swift */; };
		D0764021221AE15300304D21 /* StoryboardLoadable.swift in Sources */ = {isa = PBXBuildFile; fileRef = D076400F221AE15300304D21 /* StoryboardLoadable.swift */; };
		D0764022221AE15300304D21 /* Embeddable.swift in Sources */ = {isa = PBXBuildFile; fileRef = D0764010221AE15300304D21 /* Embeddable.swift */; };
		D0764023221AE15300304D21 /* DequeableView.swift in Sources */ = {isa = PBXBuildFile; fileRef = D0764012221AE15300304D21 /* DequeableView.swift */; };
		D0764024221AE15300304D21 /* ReusableView.swift in Sources */ = {isa = PBXBuildFile; fileRef = D0764013221AE15300304D21 /* ReusableView.swift */; };
		D0764025221AE15300304D21 /* NibLoadable.swift in Sources */ = {isa = PBXBuildFile; fileRef = D0764014221AE15300304D21 /* NibLoadable.swift */; };
		D0764026221AE15300304D21 /* Notifying.swift in Sources */ = {isa = PBXBuildFile; fileRef = D0764016221AE15300304D21 /* Notifying.swift */; };
		D076402B221AE4F900304D21 /* Spotify.swift in Sources */ = {isa = PBXBuildFile; fileRef = D0764028221AE4F900304D21 /* Spotify.swift */; };
		D076402F221AE80700304D21 /* Spotify-Types.swift in Sources */ = {isa = PBXBuildFile; fileRef = D076402E221AE80700304D21 /* Spotify-Types.swift */; };
		D0764031221AE8E300304D21 /* SpotifyError.swift in Sources */ = {isa = PBXBuildFile; fileRef = D0764030221AE8E300304D21 /* SpotifyError.swift */; };
		D0764038221B028E00304D21 /* Marshal.framework in Frameworks */ = {isa = PBXBuildFile; fileRef = D0764037221B028E00304D21 /* Marshal.framework */; };
		D0764041221B040F00304D21 /* Track.swift in Sources */ = {isa = PBXBuildFile; fileRef = D076403A221B040F00304D21 /* Track.swift */; };
		D0764043221B040F00304D21 /* Album.swift in Sources */ = {isa = PBXBuildFile; fileRef = D076403C221B040F00304D21 /* Album.swift */; };
		D0764044221B040F00304D21 /* Image.swift in Sources */ = {isa = PBXBuildFile; fileRef = D076403D221B040F00304D21 /* Image.swift */; };
		D0764045221B040F00304D21 /* User.swift in Sources */ = {isa = PBXBuildFile; fileRef = D076403E221B040F00304D21 /* User.swift */; };
		D0764046221B040F00304D21 /* Artist.swift in Sources */ = {isa = PBXBuildFile; fileRef = D076403F221B040F00304D21 /* Artist.swift */; };
		D0764047221B040F00304D21 /* Playlist.swift in Sources */ = {isa = PBXBuildFile; fileRef = D0764040221B040F00304D21 /* Playlist.swift */; };
		D076404B221B058B00304D21 /* DataManager.swift in Sources */ = {isa = PBXBuildFile; fileRef = D0764049221B058B00304D21 /* DataManager.swift */; };
		D076404C221B058B00304D21 /* DataError.swift in Sources */ = {isa = PBXBuildFile; fileRef = D076404A221B058B00304D21 /* DataError.swift */; };
		D076404E221B096200304D21 /* SearchResult.swift in Sources */ = {isa = PBXBuildFile; fileRef = D076404D221B096200304D21 /* SearchResult.swift */; };
		D0764055221B0CBD00304D21 /* ContentManager.swift in Sources */ = {isa = PBXBuildFile; fileRef = D0764051221B0CBD00304D21 /* ContentManager.swift */; };
		D0764056221B0CBD00304D21 /* AccountManager.swift in Sources */ = {isa = PBXBuildFile; fileRef = D0764052221B0CBD00304D21 /* AccountManager.swift */; };
		D0764057221B0CBD00304D21 /* ContentError.swift in Sources */ = {isa = PBXBuildFile; fileRef = D0764053221B0CBD00304D21 /* ContentError.swift */; };
		D0764059221B0D0200304D21 /* AccountError.swift in Sources */ = {isa = PBXBuildFile; fileRef = D0764058221B0D0200304D21 /* AccountError.swift */; };
		D076405B221B0D9B00304D21 /* AppDependency.swift in Sources */ = {isa = PBXBuildFile; fileRef = D076405A221B0D9B00304D21 /* AppDependency.swift */; };
		D076406E221B1CEF00304D21 /* SearchCell.swift in Sources */ = {isa = PBXBuildFile; fileRef = D076405D221B1CEF00304D21 /* SearchCell.swift */; };
		D076406F221B1CEF00304D21 /* BaseGridLayout.swift in Sources */ = {isa = PBXBuildFile; fileRef = D076405E221B1CEF00304D21 /* BaseGridLayout.swift */; };
		D0764074221B1CEF00304D21 /* SearchController.swift in Sources */ = {isa = PBXBuildFile; fileRef = D0764063221B1CEF00304D21 /* SearchController.swift */; };
		D0764079221B1CEF00304D21 /* SearchDataSource.swift in Sources */ = {isa = PBXBuildFile; fileRef = D0764068221B1CEF00304D21 /* SearchDataSource.swift */; };
		D076407C221B1CEF00304D21 /* SearchCell.xib in Resources */ = {isa = PBXBuildFile; fileRef = D076406B221B1CEF00304D21 /* SearchCell.xib */; };
		D076407E221B1CEF00304D21 /* SearchController.storyboard in Resources */ = {isa = PBXBuildFile; fileRef = D076406D221B1CEF00304D21 /* SearchController.storyboard */; };
		D0764085221B203100304D21 /* SearchType-Extensions.swift in Sources */ = {isa = PBXBuildFile; fileRef = D0764084221B203100304D21 /* SearchType-Extensions.swift */; };
		D0764087221B275400304D21 /* SearchResult-Extensions.swift in Sources */ = {isa = PBXBuildFile; fileRef = D0764086221B275400304D21 /* SearchResult-Extensions.swift */; };
		D0764089221B284B00304D21 /* Kingfisher.framework in Frameworks */ = {isa = PBXBuildFile; fileRef = D0764088221B284B00304D21 /* Kingfisher.framework */; };
		D076408C221B309E00304D21 /* Icons.xcassets in Resources */ = {isa = PBXBuildFile; fileRef = D076408B221B309E00304D21 /* Icons.xcassets */; };
		D0764090221B350200304D21 /* SwiftyOAuth.framework in Frameworks */ = {isa = PBXBuildFile; fileRef = D076408F221B350200304D21 /* SwiftyOAuth.framework */; };
		D0804E05221DEF1F0036C541 /* AlbumCell.swift in Sources */ = {isa = PBXBuildFile; fileRef = D0804E03221DEF1F0036C541 /* AlbumCell.swift */; };
		D0804E06221DEF1F0036C541 /* AlbumCell.xib in Resources */ = {isa = PBXBuildFile; fileRef = D0804E04221DEF1F0036C541 /* AlbumCell.xib */; };
		D0804E08221DF1890036C541 /* HorizontalScrollerLayout.swift in Sources */ = {isa = PBXBuildFile; fileRef = D0804E07221DF1890036C541 /* HorizontalScrollerLayout.swift */; };
		D0804E0A221DF8510036C541 /* Artist-Extensions.swift in Sources */ = {isa = PBXBuildFile; fileRef = D0804E09221DF8510036C541 /* Artist-Extensions.swift */; };
		D08620C122467D90006F6C90 /* PlayManager.swift in Sources */ = {isa = PBXBuildFile; fileRef = D08620C022467D90006F6C90 /* PlayManager.swift */; };
		D08620C922469A79006F6C90 /* Music.xcassets in Resources */ = {isa = PBXBuildFile; fileRef = D08620C822469A79006F6C90 /* Music.xcassets */; };
		D08620CB2246C94B006F6C90 /* NavigationController.swift in Sources */ = {isa = PBXBuildFile; fileRef = D08620CA2246C94B006F6C90 /* NavigationController.swift */; };
		D08620CE2246CB55006F6C90 /* UIColor-Extensions.swift in Sources */ = {isa = PBXBuildFile; fileRef = D08620CD2246CB55006F6C90 /* UIColor-Extensions.swift */; };
		D08620D02246CCDD006F6C90 /* PlayBar.swift in Sources */ = {isa = PBXBuildFile; fileRef = D08620CF2246CCDD006F6C90 /* PlayBar.swift */; };
		D08620D22246CCFD006F6C90 /* PlayBar.xib in Resources */ = {isa = PBXBuildFile; fileRef = D08620D12246CCFD006F6C90 /* PlayBar.xib */; };
		D099C8AA22664DD800D50347 /* PlayError.swift in Sources */ = {isa = PBXBuildFile; fileRef = D099C8A922664DD800D50347 /* PlayError.swift */; };
		D0A3D380221231BD00695166 /* AppDelegate.swift in Sources */ = {isa = PBXBuildFile; fileRef = D0A3D37F221231BD00695166 /* AppDelegate.swift */; };
		D0A3D387221231BF00695166 /* Assets.xcassets in Resources */ = {isa = PBXBuildFile; fileRef = D0A3D386221231BF00695166 /* Assets.xcassets */; };
		D0A3D38A221231BF00695166 /* LaunchScreen.storyboard in Resources */ = {isa = PBXBuildFile; fileRef = D0A3D388221231BF00695166 /* LaunchScreen.storyboard */; };
		D0BBC1112268C1D80050AA1A /* SpotifyEndpoint.swift in Sources */ = {isa = PBXBuildFile; fileRef = D0BBC1102268C1D80050AA1A /* SpotifyEndpoint.swift */; };
		D0BBC114226905310050AA1A /* UIAlertController-Extensions.swift in Sources */ = {isa = PBXBuildFile; fileRef = D0BBC113226905310050AA1A /* UIAlertController-Extensions.swift */; };
		D0BC136C221C810000DE8114 /* ProfileController.swift in Sources */ = {isa = PBXBuildFile; fileRef = D0BC1364221C80FF00DE8114 /* ProfileController.swift */; };
		D0BC136D221C810000DE8114 /* ArtistController.swift in Sources */ = {isa = PBXBuildFile; fileRef = D0BC1365221C80FF00DE8114 /* ArtistController.swift */; };
		D0BC136E221C810000DE8114 /* AlbumController.swift in Sources */ = {isa = PBXBuildFile; fileRef = D0BC1366221C80FF00DE8114 /* AlbumController.swift */; };
		D0BC136F221C810000DE8114 /* ArtistController.storyboard in Resources */ = {isa = PBXBuildFile; fileRef = D0BC1367221C80FF00DE8114 /* ArtistController.storyboard */; };
		D0BC1370221C810000DE8114 /* PlayerController.swift in Sources */ = {isa = PBXBuildFile; fileRef = D0BC1368221C80FF00DE8114 /* PlayerController.swift */; };
		D0BC1371221C810000DE8114 /* AlbumController.storyboard in Resources */ = {isa = PBXBuildFile; fileRef = D0BC1369221C810000DE8114 /* AlbumController.storyboard */; };
		D0BC1372221C810000DE8114 /* LoginController.swift in Sources */ = {isa = PBXBuildFile; fileRef = D0BC136A221C810000DE8114 /* LoginController.swift */; };
		D0C7F1FA2258BFE3001C70E5 /* Play-CoordinatingResponder.swift in Sources */ = {isa = PBXBuildFile; fileRef = D0C7F1F92258BFE3001C70E5 /* Play-CoordinatingResponder.swift */; };
/* End PBXBuildFile section */

/* Begin PBXFileReference section */
		D00A7BB622207C7000D9D7DF /* autoboxable.stencil */ = {isa = PBXFileReference; fileEncoding = 4; lastKnownFileType = text; path = autoboxable.stencil; sourceTree = "<group>"; };
		D00A7BB822207C9100D9D7DF /* AutoBoxable.swift */ = {isa = PBXFileReference; lastKnownFileType = sourcecode.swift; path = AutoBoxable.swift; sourceTree = "<group>"; };
		D00A7BBB22207DF000D9D7DF /* autoboxable.generated.swift */ = {isa = PBXFileReference; fileEncoding = 4; lastKnownFileType = sourcecode.swift; path = autoboxable.generated.swift; sourceTree = "<group>"; };
		D01D900C226A222E00305E1B /* PlainListLayout.swift */ = {isa = PBXFileReference; lastKnownFileType = sourcecode.swift; path = PlainListLayout.swift; sourceTree = "<group>"; };
		D01D900E226A303800305E1B /* AlbumsScrollerLayout.swift */ = {isa = PBXFileReference; lastKnownFileType = sourcecode.swift; path = AlbumsScrollerLayout.swift; sourceTree = "<group>"; };
		D01D9010226A415400305E1B /* SearchTypesLayout.swift */ = {isa = PBXFileReference; lastKnownFileType = sourcecode.swift; path = SearchTypesLayout.swift; sourceTree = "<group>"; };
		D01D9012226A416500305E1B /* SearchResultsLayout.swift */ = {isa = PBXFileReference; lastKnownFileType = sourcecode.swift; path = SearchResultsLayout.swift; sourceTree = "<group>"; };
		D01D9014226A42D600305E1B /* SearchTypeCell.xib */ = {isa = PBXFileReference; fileEncoding = 4; lastKnownFileType = file.xib; path = SearchTypeCell.xib; sourceTree = "<group>"; };
		D01D9015226A42D600305E1B /* SearchTypeCell.swift */ = {isa = PBXFileReference; fileEncoding = 4; lastKnownFileType = sourcecode.swift; path = SearchTypeCell.swift; sourceTree = "<group>"; };
		D01D9018226A487E00305E1B /* SearchResultsController.swift */ = {isa = PBXFileReference; lastKnownFileType = sourcecode.swift; path = SearchResultsController.swift; sourceTree = "<group>"; };
		D02D9C98221F1E9A00DD6AD0 /* ApplicationCoordinator.swift */ = {isa = PBXFileReference; lastKnownFileType = sourcecode.swift; path = ApplicationCoordinator.swift; sourceTree = "<group>"; };
		D02D9C9A221F25D200DD6AD0 /* ContentCoordinator.swift */ = {isa = PBXFileReference; lastKnownFileType = sourcecode.swift; path = ContentCoordinator.swift; sourceTree = "<group>"; };
		D02D9C9C221F334D00DD6AD0 /* Content-CoordinatingResponder.swift */ = {isa = PBXFileReference; lastKnownFileType = sourcecode.swift; path = "Content-CoordinatingResponder.swift"; sourceTree = "<group>"; };
		D034FA4422248C48000748C4 /* DateFormatter-AppExtensions.swift */ = {isa = PBXFileReference; fileEncoding = 4; lastKnownFileType = sourcecode.swift; path = "DateFormatter-AppExtensions.swift"; sourceTree = "<group>"; };
		D034FA4522248C48000748C4 /* Marshal-Extensions.swift */ = {isa = PBXFileReference; fileEncoding = 4; lastKnownFileType = sourcecode.swift; path = "Marshal-Extensions.swift"; sourceTree = "<group>"; };
		D034FA4622248C48000748C4 /* NumberFormatter-AppExtensions.swift */ = {isa = PBXFileReference; fileEncoding = 4; lastKnownFileType = sourcecode.swift; path = "NumberFormatter-AppExtensions.swift"; sourceTree = "<group>"; };
		D034FA4A222490FD000748C4 /* Album-Extensions.swift */ = {isa = PBXFileReference; lastKnownFileType = sourcecode.swift; path = "Album-Extensions.swift"; sourceTree = "<group>"; };
		D034FA4C222557F0000748C4 /* Track-Extensions.swift */ = {isa = PBXFileReference; lastKnownFileType = sourcecode.swift; path = "Track-Extensions.swift"; sourceTree = "<group>"; };
		D034FA4E22255A6A000748C4 /* TrackCell.swift */ = {isa = PBXFileReference; lastKnownFileType = sourcecode.swift; path = TrackCell.swift; sourceTree = "<group>"; };
		D034FA4F22255A6A000748C4 /* TrackCell.xib */ = {isa = PBXFileReference; lastKnownFileType = file.xib; path = TrackCell.xib; sourceTree = "<group>"; };
		D034FA52222579FE000748C4 /* TrackListLayout.swift */ = {isa = PBXFileReference; lastKnownFileType = sourcecode.swift; path = TrackListLayout.swift; sourceTree = "<group>"; };
		D06F6AFE2248188C008A2D09 /* EmptyPlaylist.xib */ = {isa = PBXFileReference; lastKnownFileType = file.xib; path = EmptyPlaylist.xib; sourceTree = "<group>"; };
		D06F6B0022481A16008A2D09 /* EmptyPlaylist.swift */ = {isa = PBXFileReference; lastKnownFileType = sourcecode.swift; path = EmptyPlaylist.swift; sourceTree = "<group>"; };
		D0763FF8221ADE9B00304D21 /* Coordinator.framework */ = {isa = PBXFileReference; lastKnownFileType = wrapper.framework; name = Coordinator.framework; path = Carthage/Build/iOS/Coordinator.framework; sourceTree = "<group>"; };
		D0763FF9221ADE9B00304D21 /* CardPresentationController.framework */ = {isa = PBXFileReference; lastKnownFileType = wrapper.framework; name = CardPresentationController.framework; path = Carthage/Build/iOS/CardPresentationController.framework; sourceTree = "<group>"; };
		D0763FFA221ADE9B00304D21 /* Ambar.framework */ = {isa = PBXFileReference; lastKnownFileType = wrapper.framework; name = Ambar.framework; path = Carthage/Build/iOS/Ambar.framework; sourceTree = "<group>"; };
		D0763FFB221ADE9B00304D21 /* Avenue.framework */ = {isa = PBXFileReference; lastKnownFileType = wrapper.framework; name = Avenue.framework; path = Carthage/Build/iOS/Avenue.framework; sourceTree = "<group>"; };
		D0764003221AE15300304D21 /* AsyncOperation.swift */ = {isa = PBXFileReference; fileEncoding = 4; lastKnownFileType = sourcecode.swift; path = AsyncOperation.swift; sourceTree = "<group>"; };
		D0764005221AE15300304D21 /* NumberFormatter-Extensions.swift */ = {isa = PBXFileReference; fileEncoding = 4; lastKnownFileType = sourcecode.swift; path = "NumberFormatter-Extensions.swift"; sourceTree = "<group>"; };
		D0764006221AE15300304D21 /* String-Extensions.swift */ = {isa = PBXFileReference; fileEncoding = 4; lastKnownFileType = sourcecode.swift; path = "String-Extensions.swift"; sourceTree = "<group>"; };
		D0764007221AE15300304D21 /* DateFormatter-Extensions.swift */ = {isa = PBXFileReference; fileEncoding = 4; lastKnownFileType = sourcecode.swift; path = "DateFormatter-Extensions.swift"; sourceTree = "<group>"; };
		D0764008221AE15300304D21 /* DispatchQueue-Extensions.swift */ = {isa = PBXFileReference; fileEncoding = 4; lastKnownFileType = sourcecode.swift; path = "DispatchQueue-Extensions.swift"; sourceTree = "<group>"; };
		D0764009221AE15300304D21 /* Date-Extensions.swift */ = {isa = PBXFileReference; fileEncoding = 4; lastKnownFileType = sourcecode.swift; path = "Date-Extensions.swift"; sourceTree = "<group>"; };
		D076400A221AE15300304D21 /* Bundle-Extensions.swift */ = {isa = PBXFileReference; fileEncoding = 4; lastKnownFileType = sourcecode.swift; path = "Bundle-Extensions.swift"; sourceTree = "<group>"; };
		D076400B221AE15300304D21 /* OperationQueue-Extensions.swift */ = {isa = PBXFileReference; fileEncoding = 4; lastKnownFileType = sourcecode.swift; path = "OperationQueue-Extensions.swift"; sourceTree = "<group>"; };
		D076400C221AE15300304D21 /* FileManager-Extensions.swift */ = {isa = PBXFileReference; fileEncoding = 4; lastKnownFileType = sourcecode.swift; path = "FileManager-Extensions.swift"; sourceTree = "<group>"; };
		D076400D221AE15300304D21 /* Atomic.swift */ = {isa = PBXFileReference; fileEncoding = 4; lastKnownFileType = sourcecode.swift; path = Atomic.swift; sourceTree = "<group>"; };
		D076400F221AE15300304D21 /* StoryboardLoadable.swift */ = {isa = PBXFileReference; fileEncoding = 4; lastKnownFileType = sourcecode.swift; path = StoryboardLoadable.swift; sourceTree = "<group>"; };
		D0764010221AE15300304D21 /* Embeddable.swift */ = {isa = PBXFileReference; fileEncoding = 4; lastKnownFileType = sourcecode.swift; path = Embeddable.swift; sourceTree = "<group>"; };
		D0764012221AE15300304D21 /* DequeableView.swift */ = {isa = PBXFileReference; fileEncoding = 4; lastKnownFileType = sourcecode.swift; path = DequeableView.swift; sourceTree = "<group>"; };
		D0764013221AE15300304D21 /* ReusableView.swift */ = {isa = PBXFileReference; fileEncoding = 4; lastKnownFileType = sourcecode.swift; path = ReusableView.swift; sourceTree = "<group>"; };
		D0764014221AE15300304D21 /* NibLoadable.swift */ = {isa = PBXFileReference; fileEncoding = 4; lastKnownFileType = sourcecode.swift; path = NibLoadable.swift; sourceTree = "<group>"; };
		D0764016221AE15300304D21 /* Notifying.swift */ = {isa = PBXFileReference; fileEncoding = 4; lastKnownFileType = sourcecode.swift; path = Notifying.swift; sourceTree = "<group>"; };
		D0764028221AE4F900304D21 /* Spotify.swift */ = {isa = PBXFileReference; fileEncoding = 4; lastKnownFileType = sourcecode.swift; path = Spotify.swift; sourceTree = "<group>"; };
		D076402E221AE80700304D21 /* Spotify-Types.swift */ = {isa = PBXFileReference; fileEncoding = 4; lastKnownFileType = sourcecode.swift; path = "Spotify-Types.swift"; sourceTree = "<group>"; };
		D0764030221AE8E300304D21 /* SpotifyError.swift */ = {isa = PBXFileReference; fileEncoding = 4; lastKnownFileType = sourcecode.swift; path = SpotifyError.swift; sourceTree = "<group>"; };
		D0764037221B028E00304D21 /* Marshal.framework */ = {isa = PBXFileReference; lastKnownFileType = wrapper.framework; name = Marshal.framework; path = Carthage/Build/iOS/Marshal.framework; sourceTree = "<group>"; };
		D076403A221B040F00304D21 /* Track.swift */ = {isa = PBXFileReference; fileEncoding = 4; lastKnownFileType = sourcecode.swift; path = Track.swift; sourceTree = "<group>"; };
		D076403C221B040F00304D21 /* Album.swift */ = {isa = PBXFileReference; fileEncoding = 4; lastKnownFileType = sourcecode.swift; path = Album.swift; sourceTree = "<group>"; };
		D076403D221B040F00304D21 /* Image.swift */ = {isa = PBXFileReference; fileEncoding = 4; lastKnownFileType = sourcecode.swift; path = Image.swift; sourceTree = "<group>"; };
		D076403E221B040F00304D21 /* User.swift */ = {isa = PBXFileReference; fileEncoding = 4; lastKnownFileType = sourcecode.swift; path = User.swift; sourceTree = "<group>"; };
		D076403F221B040F00304D21 /* Artist.swift */ = {isa = PBXFileReference; fileEncoding = 4; lastKnownFileType = sourcecode.swift; path = Artist.swift; sourceTree = "<group>"; };
		D0764040221B040F00304D21 /* Playlist.swift */ = {isa = PBXFileReference; fileEncoding = 4; lastKnownFileType = sourcecode.swift; path = Playlist.swift; sourceTree = "<group>"; };
		D0764049221B058B00304D21 /* DataManager.swift */ = {isa = PBXFileReference; fileEncoding = 4; lastKnownFileType = sourcecode.swift; path = DataManager.swift; sourceTree = "<group>"; };
		D076404A221B058B00304D21 /* DataError.swift */ = {isa = PBXFileReference; fileEncoding = 4; lastKnownFileType = sourcecode.swift; path = DataError.swift; sourceTree = "<group>"; };
		D076404D221B096200304D21 /* SearchResult.swift */ = {isa = PBXFileReference; fileEncoding = 4; lastKnownFileType = sourcecode.swift; path = SearchResult.swift; sourceTree = "<group>"; };
		D0764051221B0CBD00304D21 /* ContentManager.swift */ = {isa = PBXFileReference; fileEncoding = 4; lastKnownFileType = sourcecode.swift; path = ContentManager.swift; sourceTree = "<group>"; };
		D0764052221B0CBD00304D21 /* AccountManager.swift */ = {isa = PBXFileReference; fileEncoding = 4; lastKnownFileType = sourcecode.swift; path = AccountManager.swift; sourceTree = "<group>"; };
		D0764053221B0CBD00304D21 /* ContentError.swift */ = {isa = PBXFileReference; fileEncoding = 4; lastKnownFileType = sourcecode.swift; path = ContentError.swift; sourceTree = "<group>"; };
		D0764058221B0D0200304D21 /* AccountError.swift */ = {isa = PBXFileReference; lastKnownFileType = sourcecode.swift; path = AccountError.swift; sourceTree = "<group>"; };
		D076405A221B0D9B00304D21 /* AppDependency.swift */ = {isa = PBXFileReference; fileEncoding = 4; lastKnownFileType = sourcecode.swift; path = AppDependency.swift; sourceTree = "<group>"; };
		D076405D221B1CEF00304D21 /* SearchCell.swift */ = {isa = PBXFileReference; fileEncoding = 4; lastKnownFileType = sourcecode.swift; path = SearchCell.swift; sourceTree = "<group>"; };
		D076405E221B1CEF00304D21 /* BaseGridLayout.swift */ = {isa = PBXFileReference; fileEncoding = 4; lastKnownFileType = sourcecode.swift; path = BaseGridLayout.swift; sourceTree = "<group>"; };
		D0764063221B1CEF00304D21 /* SearchController.swift */ = {isa = PBXFileReference; fileEncoding = 4; lastKnownFileType = sourcecode.swift; path = SearchController.swift; sourceTree = "<group>"; };
		D0764068221B1CEF00304D21 /* SearchDataSource.swift */ = {isa = PBXFileReference; fileEncoding = 4; lastKnownFileType = sourcecode.swift; path = SearchDataSource.swift; sourceTree = "<group>"; };
		D076406B221B1CEF00304D21 /* SearchCell.xib */ = {isa = PBXFileReference; fileEncoding = 4; lastKnownFileType = file.xib; path = SearchCell.xib; sourceTree = "<group>"; };
		D076406D221B1CEF00304D21 /* SearchController.storyboard */ = {isa = PBXFileReference; fileEncoding = 4; lastKnownFileType = file.storyboard; path = SearchController.storyboard; sourceTree = "<group>"; };
		D0764084221B203100304D21 /* SearchType-Extensions.swift */ = {isa = PBXFileReference; lastKnownFileType = sourcecode.swift; path = "SearchType-Extensions.swift"; sourceTree = "<group>"; };
		D0764086221B275400304D21 /* SearchResult-Extensions.swift */ = {isa = PBXFileReference; lastKnownFileType = sourcecode.swift; path = "SearchResult-Extensions.swift"; sourceTree = "<group>"; };
		D0764088221B284B00304D21 /* Kingfisher.framework */ = {isa = PBXFileReference; lastKnownFileType = wrapper.framework; name = Kingfisher.framework; path = Carthage/Build/iOS/Kingfisher.framework; sourceTree = "<group>"; };
		D076408B221B309E00304D21 /* Icons.xcassets */ = {isa = PBXFileReference; lastKnownFileType = folder.assetcatalog; path = Icons.xcassets; sourceTree = "<group>"; };
		D076408F221B350200304D21 /* SwiftyOAuth.framework */ = {isa = PBXFileReference; lastKnownFileType = wrapper.framework; name = SwiftyOAuth.framework; path = Carthage/Build/iOS/SwiftyOAuth.framework; sourceTree = "<group>"; };
		D0804E03221DEF1F0036C541 /* AlbumCell.swift */ = {isa = PBXFileReference; lastKnownFileType = sourcecode.swift; path = AlbumCell.swift; sourceTree = "<group>"; };
		D0804E04221DEF1F0036C541 /* AlbumCell.xib */ = {isa = PBXFileReference; lastKnownFileType = file.xib; path = AlbumCell.xib; sourceTree = "<group>"; };
		D0804E07221DF1890036C541 /* HorizontalScrollerLayout.swift */ = {isa = PBXFileReference; lastKnownFileType = sourcecode.swift; path = HorizontalScrollerLayout.swift; sourceTree = "<group>"; };
		D0804E09221DF8510036C541 /* Artist-Extensions.swift */ = {isa = PBXFileReference; lastKnownFileType = sourcecode.swift; path = "Artist-Extensions.swift"; sourceTree = "<group>"; };
		D08620C022467D90006F6C90 /* PlayManager.swift */ = {isa = PBXFileReference; lastKnownFileType = sourcecode.swift; path = PlayManager.swift; sourceTree = "<group>"; };
		D08620C822469A79006F6C90 /* Music.xcassets */ = {isa = PBXFileReference; lastKnownFileType = folder.assetcatalog; path = Music.xcassets; sourceTree = "<group>"; };
		D08620CA2246C94B006F6C90 /* NavigationController.swift */ = {isa = PBXFileReference; lastKnownFileType = sourcecode.swift; path = NavigationController.swift; sourceTree = "<group>"; };
		D08620CD2246CB55006F6C90 /* UIColor-Extensions.swift */ = {isa = PBXFileReference; fileEncoding = 4; lastKnownFileType = sourcecode.swift; path = "UIColor-Extensions.swift"; sourceTree = "<group>"; };
		D08620CF2246CCDD006F6C90 /* PlayBar.swift */ = {isa = PBXFileReference; lastKnownFileType = sourcecode.swift; path = PlayBar.swift; sourceTree = "<group>"; };
		D08620D12246CCFD006F6C90 /* PlayBar.xib */ = {isa = PBXFileReference; lastKnownFileType = file.xib; path = PlayBar.xib; sourceTree = "<group>"; };
		D099C8A922664DD800D50347 /* PlayError.swift */ = {isa = PBXFileReference; lastKnownFileType = sourcecode.swift; path = PlayError.swift; sourceTree = "<group>"; };
		D0A3D37C221231BD00695166 /* Spotifier.app */ = {isa = PBXFileReference; explicitFileType = wrapper.application; includeInIndex = 0; path = Spotifier.app; sourceTree = BUILT_PRODUCTS_DIR; };
		D0A3D37F221231BD00695166 /* AppDelegate.swift */ = {isa = PBXFileReference; lastKnownFileType = sourcecode.swift; path = AppDelegate.swift; sourceTree = "<group>"; };
		D0A3D386221231BF00695166 /* Assets.xcassets */ = {isa = PBXFileReference; lastKnownFileType = folder.assetcatalog; path = Assets.xcassets; sourceTree = "<group>"; };
		D0A3D389221231BF00695166 /* Base */ = {isa = PBXFileReference; lastKnownFileType = file.storyboard; name = Base; path = Base.lproj/LaunchScreen.storyboard; sourceTree = "<group>"; };
		D0A3D38B221231BF00695166 /* Info.plist */ = {isa = PBXFileReference; lastKnownFileType = text.plist.xml; path = Info.plist; sourceTree = "<group>"; };
		D0BBC1102268C1D80050AA1A /* SpotifyEndpoint.swift */ = {isa = PBXFileReference; lastKnownFileType = sourcecode.swift; path = SpotifyEndpoint.swift; sourceTree = "<group>"; };
		D0BBC113226905310050AA1A /* UIAlertController-Extensions.swift */ = {isa = PBXFileReference; lastKnownFileType = sourcecode.swift; path = "UIAlertController-Extensions.swift"; sourceTree = "<group>"; };
		D0BC1364221C80FF00DE8114 /* ProfileController.swift */ = {isa = PBXFileReference; fileEncoding = 4; lastKnownFileType = sourcecode.swift; path = ProfileController.swift; sourceTree = "<group>"; };
		D0BC1365221C80FF00DE8114 /* ArtistController.swift */ = {isa = PBXFileReference; fileEncoding = 4; lastKnownFileType = sourcecode.swift; path = ArtistController.swift; sourceTree = "<group>"; };
		D0BC1366221C80FF00DE8114 /* AlbumController.swift */ = {isa = PBXFileReference; fileEncoding = 4; lastKnownFileType = sourcecode.swift; path = AlbumController.swift; sourceTree = "<group>"; };
		D0BC1367221C80FF00DE8114 /* ArtistController.storyboard */ = {isa = PBXFileReference; fileEncoding = 4; lastKnownFileType = file.storyboard; path = ArtistController.storyboard; sourceTree = "<group>"; };
		D0BC1368221C80FF00DE8114 /* PlayerController.swift */ = {isa = PBXFileReference; fileEncoding = 4; lastKnownFileType = sourcecode.swift; path = PlayerController.swift; sourceTree = "<group>"; };
		D0BC1369221C810000DE8114 /* AlbumController.storyboard */ = {isa = PBXFileReference; fileEncoding = 4; lastKnownFileType = file.storyboard; path = AlbumController.storyboard; sourceTree = "<group>"; };
		D0BC136A221C810000DE8114 /* LoginController.swift */ = {isa = PBXFileReference; fileEncoding = 4; lastKnownFileType = sourcecode.swift; path = LoginController.swift; sourceTree = "<group>"; };
		D0C7F1F92258BFE3001C70E5 /* Play-CoordinatingResponder.swift */ = {isa = PBXFileReference; lastKnownFileType = sourcecode.swift; path = "Play-CoordinatingResponder.swift"; sourceTree = "<group>"; };
/* End PBXFileReference section */

/* Begin PBXFrameworksBuildPhase section */
		D0A3D379221231BD00695166 /* Frameworks */ = {
			isa = PBXFrameworksBuildPhase;
			buildActionMask = 2147483647;
			files = (
				D0763FFC221ADE9B00304D21 /* Coordinator.framework in Frameworks */,
				D0763FFF221ADE9B00304D21 /* Avenue.framework in Frameworks */,
				D0763FFD221ADE9B00304D21 /* CardPresentationController.framework in Frameworks */,
				D0764038221B028E00304D21 /* Marshal.framework in Frameworks */,
				D0764089221B284B00304D21 /* Kingfisher.framework in Frameworks */,
				D0764090221B350200304D21 /* SwiftyOAuth.framework in Frameworks */,
			);
			runOnlyForDeploymentPostprocessing = 0;
		};
/* End PBXFrameworksBuildPhase section */

/* Begin PBXGroup section */
		D00A7BB422207C7000D9D7DF /* sourcery */ = {
			isa = PBXGroup;
			children = (
				D00A7BBB22207DF000D9D7DF /* autoboxable.generated.swift */,
				D00A7BB522207C7000D9D7DF /* templates */,
				D00A7BB822207C9100D9D7DF /* AutoBoxable.swift */,
			);
			path = sourcery;
			sourceTree = "<group>";
		};
		D00A7BB522207C7000D9D7DF /* templates */ = {
			isa = PBXGroup;
			children = (
				D00A7BB622207C7000D9D7DF /* autoboxable.stencil */,
			);
			path = templates;
			sourceTree = "<group>";
		};
		D01D900B226A219400305E1B /* Search */ = {
			isa = PBXGroup;
			children = (
				D0764068221B1CEF00304D21 /* SearchDataSource.swift */,
				D01D9010226A415400305E1B /* SearchTypesLayout.swift */,
				D0764063221B1CEF00304D21 /* SearchController.swift */,
				D076406D221B1CEF00304D21 /* SearchController.storyboard */,
				D01D9015226A42D600305E1B /* SearchTypeCell.swift */,
				D01D9014226A42D600305E1B /* SearchTypeCell.xib */,
				D01D9018226A487E00305E1B /* SearchResultsController.swift */,
				D01D9012226A416500305E1B /* SearchResultsLayout.swift */,
				D076405D221B1CEF00304D21 /* SearchCell.swift */,
				D076406B221B1CEF00304D21 /* SearchCell.xib */,
			);
			path = Search;
			sourceTree = "<group>";
		};
		D02D9C97221F1E7F00DD6AD0 /* Coordinators */ = {
			isa = PBXGroup;
			children = (
				D02D9C98221F1E9A00DD6AD0 /* ApplicationCoordinator.swift */,
				D02D9C9A221F25D200DD6AD0 /* ContentCoordinator.swift */,
				D02D9C9C221F334D00DD6AD0 /* Content-CoordinatingResponder.swift */,
				D0C7F1F92258BFE3001C70E5 /* Play-CoordinatingResponder.swift */,
			);
			path = Coordinators;
			sourceTree = "<group>";
		};
		D0763FF7221ADE9B00304D21 /* Frameworks */ = {
			isa = PBXGroup;
			children = (
				D076408F221B350200304D21 /* SwiftyOAuth.framework */,
				D0764088221B284B00304D21 /* Kingfisher.framework */,
				D0764037221B028E00304D21 /* Marshal.framework */,
				D0763FFA221ADE9B00304D21 /* Ambar.framework */,
				D0763FFB221ADE9B00304D21 /* Avenue.framework */,
				D0763FF9221ADE9B00304D21 /* CardPresentationController.framework */,
				D0763FF8221ADE9B00304D21 /* Coordinator.framework */,
			);
			name = Frameworks;
			sourceTree = "<group>";
		};
		D0764000221AE15300304D21 /* Vendor */ = {
			isa = PBXGroup;
			children = (
				D034FA4422248C48000748C4 /* DateFormatter-AppExtensions.swift */,
				D034FA4522248C48000748C4 /* Marshal-Extensions.swift */,
				D034FA4622248C48000748C4 /* NumberFormatter-AppExtensions.swift */,
				D0764001221AE15300304D21 /* Essentials */,
			);
			path = Vendor;
			sourceTree = "<group>";
		};
		D0764001221AE15300304D21 /* Essentials */ = {
			isa = PBXGroup;
			children = (
				D076400D221AE15300304D21 /* Atomic.swift */,
				D0764002221AE15300304D21 /* Operation */,
				D0764004221AE15300304D21 /* Foundation */,
				D08620CC2246CB55006F6C90 /* UIKit */,
				D076400E221AE15300304D21 /* Controllers */,
				D0764011221AE15300304D21 /* Views */,
				D0764015221AE15300304D21 /* Notifications */,
			);
			path = Essentials;
			sourceTree = "<group>";
		};
		D0764002221AE15300304D21 /* Operation */ = {
			isa = PBXGroup;
			children = (
				D0764003221AE15300304D21 /* AsyncOperation.swift */,
			);
			path = Operation;
			sourceTree = "<group>";
		};
		D0764004221AE15300304D21 /* Foundation */ = {
			isa = PBXGroup;
			children = (
				D0764005221AE15300304D21 /* NumberFormatter-Extensions.swift */,
				D0764006221AE15300304D21 /* String-Extensions.swift */,
				D0764007221AE15300304D21 /* DateFormatter-Extensions.swift */,
				D0764008221AE15300304D21 /* DispatchQueue-Extensions.swift */,
				D0764009221AE15300304D21 /* Date-Extensions.swift */,
				D076400A221AE15300304D21 /* Bundle-Extensions.swift */,
				D076400B221AE15300304D21 /* OperationQueue-Extensions.swift */,
				D076400C221AE15300304D21 /* FileManager-Extensions.swift */,
			);
			path = Foundation;
			sourceTree = "<group>";
		};
		D076400E221AE15300304D21 /* Controllers */ = {
			isa = PBXGroup;
			children = (
				D076400F221AE15300304D21 /* StoryboardLoadable.swift */,
				D0764010221AE15300304D21 /* Embeddable.swift */,
			);
			path = Controllers;
			sourceTree = "<group>";
		};
		D0764011221AE15300304D21 /* Views */ = {
			isa = PBXGroup;
			children = (
				D0764012221AE15300304D21 /* DequeableView.swift */,
				D0764013221AE15300304D21 /* ReusableView.swift */,
				D0764014221AE15300304D21 /* NibLoadable.swift */,
			);
			path = Views;
			sourceTree = "<group>";
		};
		D0764015221AE15300304D21 /* Notifications */ = {
			isa = PBXGroup;
			children = (
				D0764016221AE15300304D21 /* Notifying.swift */,
			);
			path = Notifications;
			sourceTree = "<group>";
		};
		D0764027221AE4F900304D21 /* Spotify */ = {
			isa = PBXGroup;
			children = (
				D0764030221AE8E300304D21 /* SpotifyError.swift */,
				D076402E221AE80700304D21 /* Spotify-Types.swift */,
				D0BBC1102268C1D80050AA1A /* SpotifyEndpoint.swift */,
				D0764028221AE4F900304D21 /* Spotify.swift */,
			);
			path = Spotify;
			sourceTree = "<group>";
		};
		D0764039221B040F00304D21 /* DataModel */ = {
			isa = PBXGroup;
			children = (
				D00A7BB422207C7000D9D7DF /* sourcery */,
				D076404D221B096200304D21 /* SearchResult.swift */,
				D076403A221B040F00304D21 /* Track.swift */,
				D076403C221B040F00304D21 /* Album.swift */,
				D076403D221B040F00304D21 /* Image.swift */,
				D076403E221B040F00304D21 /* User.swift */,
				D076403F221B040F00304D21 /* Artist.swift */,
				D0764040221B040F00304D21 /* Playlist.swift */,
			);
			path = DataModel;
			sourceTree = "<group>";
		};
		D0764048221B058B00304D21 /* DataManager */ = {
			isa = PBXGroup;
			children = (
				D0764049221B058B00304D21 /* DataManager.swift */,
				D076404A221B058B00304D21 /* DataError.swift */,
			);
			path = DataManager;
			sourceTree = "<group>";
		};
		D076404F221B0CBD00304D21 /* Middleware */ = {
			isa = PBXGroup;
			children = (
				D076405A221B0D9B00304D21 /* AppDependency.swift */,
				D0764051221B0CBD00304D21 /* ContentManager.swift */,
				D0764053221B0CBD00304D21 /* ContentError.swift */,
				D0764052221B0CBD00304D21 /* AccountManager.swift */,
				D0764058221B0D0200304D21 /* AccountError.swift */,
				D08620C022467D90006F6C90 /* PlayManager.swift */,
				D099C8A922664DD800D50347 /* PlayError.swift */,
			);
			path = Middleware;
			sourceTree = "<group>";
		};
		D076405C221B1CEF00304D21 /* UI */ = {
			isa = PBXGroup;
			children = (
				D076405E221B1CEF00304D21 /* BaseGridLayout.swift */,
				D0804E07221DF1890036C541 /* HorizontalScrollerLayout.swift */,
				D01D900C226A222E00305E1B /* PlainListLayout.swift */,
				D01D900B226A219400305E1B /* Search */,
				D0BC1365221C80FF00DE8114 /* ArtistController.swift */,
				D0BC1367221C80FF00DE8114 /* ArtistController.storyboard */,
				D0804E03221DEF1F0036C541 /* AlbumCell.swift */,
				D01D900E226A303800305E1B /* AlbumsScrollerLayout.swift */,
				D0804E04221DEF1F0036C541 /* AlbumCell.xib */,
				D0BC1366221C80FF00DE8114 /* AlbumController.swift */,
				D0BC1369221C810000DE8114 /* AlbumController.storyboard */,
				D034FA52222579FE000748C4 /* TrackListLayout.swift */,
				D034FA4E22255A6A000748C4 /* TrackCell.swift */,
				D034FA4F22255A6A000748C4 /* TrackCell.xib */,
				D0BC1368221C80FF00DE8114 /* PlayerController.swift */,
				D0BC136A221C810000DE8114 /* LoginController.swift */,
				D0BC1364221C80FF00DE8114 /* ProfileController.swift */,
				D08620CF2246CCDD006F6C90 /* PlayBar.swift */,
				D08620D12246CCFD006F6C90 /* PlayBar.xib */,
				D06F6B0022481A16008A2D09 /* EmptyPlaylist.swift */,
				D06F6AFE2248188C008A2D09 /* EmptyPlaylist.xib */,
			);
			path = UI;
			sourceTree = "<group>";
		};
		D0764083221B200A00304D21 /* ViewModels */ = {
			isa = PBXGroup;
			children = (
				D0764084221B203100304D21 /* SearchType-Extensions.swift */,
				D0764086221B275400304D21 /* SearchResult-Extensions.swift */,
				D0804E09221DF8510036C541 /* Artist-Extensions.swift */,
				D034FA4A222490FD000748C4 /* Album-Extensions.swift */,
				D034FA4C222557F0000748C4 /* Track-Extensions.swift */,
			);
			path = ViewModels;
			sourceTree = "<group>";
		};
		D08620CC2246CB55006F6C90 /* UIKit */ = {
			isa = PBXGroup;
			children = (
				D08620CD2246CB55006F6C90 /* UIColor-Extensions.swift */,
				D0BBC113226905310050AA1A /* UIAlertController-Extensions.swift */,
			);
			path = UIKit;
			sourceTree = "<group>";
		};
		D0A3D373221231BD00695166 = {
			isa = PBXGroup;
			children = (
				D0764027221AE4F900304D21 /* Spotify */,
				D0764048221B058B00304D21 /* DataManager */,
				D0764039221B040F00304D21 /* DataModel */,
				D076404F221B0CBD00304D21 /* Middleware */,
				D0A3D37E221231BD00695166 /* Spotifier */,
				D0764000221AE15300304D21 /* Vendor */,
				D0A3D37D221231BD00695166 /* Products */,
				D0763FF7221ADE9B00304D21 /* Frameworks */,
			);
			sourceTree = "<group>";
		};
		D0A3D37D221231BD00695166 /* Products */ = {
			isa = PBXGroup;
			children = (
				D0A3D37C221231BD00695166 /* Spotifier.app */,
			);
			name = Products;
			sourceTree = "<group>";
		};
		D0A3D37E221231BD00695166 /* Spotifier */ = {
			isa = PBXGroup;
			children = (
				D076408B221B309E00304D21 /* Icons.xcassets */,
				D08620C822469A79006F6C90 /* Music.xcassets */,
				D0A3D386221231BF00695166 /* Assets.xcassets */,
				D0A3D388221231BF00695166 /* LaunchScreen.storyboard */,
				D0A3D38B221231BF00695166 /* Info.plist */,
				D0A3D37F221231BD00695166 /* AppDelegate.swift */,
				D08620CA2246C94B006F6C90 /* NavigationController.swift */,
				D02D9C97221F1E7F00DD6AD0 /* Coordinators */,
				D0764083221B200A00304D21 /* ViewModels */,
				D076405C221B1CEF00304D21 /* UI */,
			);
			path = Spotifier;
			sourceTree = "<group>";
		};
/* End PBXGroup section */

/* Begin PBXNativeTarget section */
		D0A3D37B221231BD00695166 /* Spotifier */ = {
			isa = PBXNativeTarget;
			buildConfigurationList = D0A3D38E221231BF00695166 /* Build configuration list for PBXNativeTarget "Spotifier" */;
			buildPhases = (
				D00A7BBA22207D6100D9D7DF /* Sourcery */,
				D0A3D378221231BD00695166 /* Sources */,
				D0A3D379221231BD00695166 /* Frameworks */,
				D0A3D37A221231BD00695166 /* Resources */,
				D076408A221B2F3900304D21 /* Run Script: Carthage frameworks */,
			);
			buildRules = (
			);
			dependencies = (
			);
			name = Spotifier;
			productName = Spotifier;
			productReference = D0A3D37C221231BD00695166 /* Spotifier.app */;
			productType = "com.apple.product-type.application";
		};
/* End PBXNativeTarget section */

/* Begin PBXProject section */
		D0A3D374221231BD00695166 /* Project object */ = {
			isa = PBXProject;
			attributes = {
				LastSwiftUpdateCheck = 1010;
				LastUpgradeCheck = 1010;
				ORGANIZATIONNAME = "Radiant Tap";
				TargetAttributes = {
					D0A3D37B221231BD00695166 = {
						CreatedOnToolsVersion = 10.1;
						LastSwiftMigration = 1020;
					};
				};
			};
			buildConfigurationList = D0A3D377221231BD00695166 /* Build configuration list for PBXProject "Spotifier" */;
			compatibilityVersion = "Xcode 10.0";
			developmentRegion = en;
			hasScannedForEncodings = 0;
			knownRegions = (
				en,
				Base,
			);
			mainGroup = D0A3D373221231BD00695166;
			productRefGroup = D0A3D37D221231BD00695166 /* Products */;
			projectDirPath = "";
			projectRoot = "";
			targets = (
				D0A3D37B221231BD00695166 /* Spotifier */,
			);
		};
/* End PBXProject section */

/* Begin PBXResourcesBuildPhase section */
		D0A3D37A221231BD00695166 /* Resources */ = {
			isa = PBXResourcesBuildPhase;
			buildActionMask = 2147483647;
			files = (
				D034FA5122255A6A000748C4 /* TrackCell.xib in Resources */,
				D06F6AFF2248188C008A2D09 /* EmptyPlaylist.xib in Resources */,
				D08620C922469A79006F6C90 /* Music.xcassets in Resources */,
				D0A3D38A221231BF00695166 /* LaunchScreen.storyboard in Resources */,
				D0BC136F221C810000DE8114 /* ArtistController.storyboard in Resources */,
				D076407C221B1CEF00304D21 /* SearchCell.xib in Resources */,
				D01D9016226A42D600305E1B /* SearchTypeCell.xib in Resources */,
				D0804E06221DEF1F0036C541 /* AlbumCell.xib in Resources */,
				D08620D22246CCFD006F6C90 /* PlayBar.xib in Resources */,
				D076407E221B1CEF00304D21 /* SearchController.storyboard in Resources */,
				D076408C221B309E00304D21 /* Icons.xcassets in Resources */,
				D0BC1371221C810000DE8114 /* AlbumController.storyboard in Resources */,
				D0A3D387221231BF00695166 /* Assets.xcassets in Resources */,
			);
			runOnlyForDeploymentPostprocessing = 0;
		};
/* End PBXResourcesBuildPhase section */

/* Begin PBXShellScriptBuildPhase section */
		D00A7BBA22207D6100D9D7DF /* Sourcery */ = {
			isa = PBXShellScriptBuildPhase;
			buildActionMask = 2147483647;
			files = (
			);
			inputFileListPaths = (
			);
			inputPaths = (
			);
			name = Sourcery;
			outputFileListPaths = (
			);
			outputPaths = (
			);
			runOnlyForDeploymentPostprocessing = 0;
			shellPath = /bin/sh;
			shellScript = "sourcery --sources ${SRCROOT} --templates ${SRCROOT}/DataModel/sourcery/templates/ --output ${SRCROOT}/DataModel/sourcery\n";
		};
		D076408A221B2F3900304D21 /* Run Script: Carthage frameworks */ = {
			isa = PBXShellScriptBuildPhase;
			buildActionMask = 2147483647;
			files = (
			);
			inputFileListPaths = (
			);
			inputPaths = (
				"$(SRCROOT)/Carthage/Build/iOS/Kingfisher.framework",
				"$(SRCROOT)/Carthage/Build/iOS/Marshal.framework",
				"$(SRCROOT)/Carthage/Build/iOS/Coordinator.framework",
				"$(SRCROOT)/Carthage/Build/iOS/Avenue.framework",
				"$(SRCROOT)/Carthage/Build/iOS/CardPresentationController.framework",
				"$(SRCROOT)/Carthage/Build/iOS/SwiftyOAuth.framework",
			);
			name = "Run Script: Carthage frameworks";
			outputFileListPaths = (
			);
			outputPaths = (
				"$(BUILT_PRODUCTS_DIR)/$(FRAMEWORKS_FOLDER_PATH)/Kingfisher.framework",
				"$(BUILT_PRODUCTS_DIR)/$(FRAMEWORKS_FOLDER_PATH)/Marshal.framework",
				"$(BUILT_PRODUCTS_DIR)/$(FRAMEWORKS_FOLDER_PATH)/Coordinator.framework",
				"$(BUILT_PRODUCTS_DIR)/$(FRAMEWORKS_FOLDER_PATH)/Avenue.framework",
				"$(BUILT_PRODUCTS_DIR)/$(FRAMEWORKS_FOLDER_PATH)/CardPresentationController.framework",
				"$(BUILT_PRODUCTS_DIR)/$(FRAMEWORKS_FOLDER_PATH)/SwiftyOAuth.framework",
			);
			runOnlyForDeploymentPostprocessing = 0;
			shellPath = /bin/sh;
			shellScript = "/usr/local/bin/carthage copy-frameworks\n";
		};
/* End PBXShellScriptBuildPhase section */

/* Begin PBXSourcesBuildPhase section */
		D0A3D378221231BD00695166 /* Sources */ = {
			isa = PBXSourcesBuildPhase;
			buildActionMask = 2147483647;
			files = (
				D01D900F226A303800305E1B /* AlbumsScrollerLayout.swift in Sources */,
				D0764044221B040F00304D21 /* Image.swift in Sources */,
				D076401C221AE15300304D21 /* Date-Extensions.swift in Sources */,
				D0764045221B040F00304D21 /* User.swift in Sources */,
				D076402F221AE80700304D21 /* Spotify-Types.swift in Sources */,
				D0764059221B0D0200304D21 /* AccountError.swift in Sources */,
				D076401D221AE15300304D21 /* Bundle-Extensions.swift in Sources */,
				D01D900D226A222E00305E1B /* PlainListLayout.swift in Sources */,
				D0C7F1FA2258BFE3001C70E5 /* Play-CoordinatingResponder.swift in Sources */,
				D0764017221AE15300304D21 /* AsyncOperation.swift in Sources */,
				D01D9019226A487E00305E1B /* SearchResultsController.swift in Sources */,
				D08620CE2246CB55006F6C90 /* UIColor-Extensions.swift in Sources */,
				D034FA53222579FE000748C4 /* TrackListLayout.swift in Sources */,
				D0BC136C221C810000DE8114 /* ProfileController.swift in Sources */,
				D0A3D380221231BD00695166 /* AppDelegate.swift in Sources */,
				D06F6B0122481A16008A2D09 /* EmptyPlaylist.swift in Sources */,
				D00A7BBC22207DF000D9D7DF /* autoboxable.generated.swift in Sources */,
				D0764043221B040F00304D21 /* Album.swift in Sources */,
				D0764021221AE15300304D21 /* StoryboardLoadable.swift in Sources */,
				D02D9C9D221F334D00DD6AD0 /* Content-CoordinatingResponder.swift in Sources */,
				D01D9017226A42D600305E1B /* SearchTypeCell.swift in Sources */,
				D0764022221AE15300304D21 /* Embeddable.swift in Sources */,
				D0764074221B1CEF00304D21 /* SearchController.swift in Sources */,
				D0BC1372221C810000DE8114 /* LoginController.swift in Sources */,
				D0764047221B040F00304D21 /* Playlist.swift in Sources */,
				D02D9C99221F1E9A00DD6AD0 /* ApplicationCoordinator.swift in Sources */,
				D0804E08221DF1890036C541 /* HorizontalScrollerLayout.swift in Sources */,
				D0764024221AE15300304D21 /* ReusableView.swift in Sources */,
				D0764019221AE15300304D21 /* String-Extensions.swift in Sources */,
				D0BBC114226905310050AA1A /* UIAlertController-Extensions.swift in Sources */,
				D0764057221B0CBD00304D21 /* ContentError.swift in Sources */,
				D034FA4922248C48000748C4 /* NumberFormatter-AppExtensions.swift in Sources */,
				D0764031221AE8E300304D21 /* SpotifyError.swift in Sources */,
				D02D9C9B221F25D200DD6AD0 /* ContentCoordinator.swift in Sources */,
				D0BC1370221C810000DE8114 /* PlayerController.swift in Sources */,
				D0764023221AE15300304D21 /* DequeableView.swift in Sources */,
				D08620D02246CCDD006F6C90 /* PlayBar.swift in Sources */,
				D034FA4722248C48000748C4 /* DateFormatter-AppExtensions.swift in Sources */,
				D034FA4822248C48000748C4 /* Marshal-Extensions.swift in Sources */,
				D0764055221B0CBD00304D21 /* ContentManager.swift in Sources */,
				D0764085221B203100304D21 /* SearchType-Extensions.swift in Sources */,
				D076406F221B1CEF00304D21 /* BaseGridLayout.swift in Sources */,
				D0BBC1112268C1D80050AA1A /* SpotifyEndpoint.swift in Sources */,
				D0764025221AE15300304D21 /* NibLoadable.swift in Sources */,
				D034FA4B222490FD000748C4 /* Album-Extensions.swift in Sources */,
				D076401E221AE15300304D21 /* OperationQueue-Extensions.swift in Sources */,
				D076401B221AE15300304D21 /* DispatchQueue-Extensions.swift in Sources */,
				D0BC136E221C810000DE8114 /* AlbumController.swift in Sources */,
				D076404C221B058B00304D21 /* DataError.swift in Sources */,
				D034FA5022255A6A000748C4 /* TrackCell.swift in Sources */,
				D076402B221AE4F900304D21 /* Spotify.swift in Sources */,
				D076404E221B096200304D21 /* SearchResult.swift in Sources */,
				D0764056221B0CBD00304D21 /* AccountManager.swift in Sources */,
				D076401F221AE15300304D21 /* FileManager-Extensions.swift in Sources */,
				D08620CB2246C94B006F6C90 /* NavigationController.swift in Sources */,
				D0764018221AE15300304D21 /* NumberFormatter-Extensions.swift in Sources */,
				D076401A221AE15300304D21 /* DateFormatter-Extensions.swift in Sources */,
				D0804E0A221DF8510036C541 /* Artist-Extensions.swift in Sources */,
				D0764046221B040F00304D21 /* Artist.swift in Sources */,
				D01D9013226A416500305E1B /* SearchResultsLayout.swift in Sources */,
				D0764020221AE15300304D21 /* Atomic.swift in Sources */,
				D076405B221B0D9B00304D21 /* AppDependency.swift in Sources */,
				D0764079221B1CEF00304D21 /* SearchDataSource.swift in Sources */,
				D099C8AA22664DD800D50347 /* PlayError.swift in Sources */,
				D076406E221B1CEF00304D21 /* SearchCell.swift in Sources */,
				D0764026221AE15300304D21 /* Notifying.swift in Sources */,
				D076404B221B058B00304D21 /* DataManager.swift in Sources */,
				D0804E05221DEF1F0036C541 /* AlbumCell.swift in Sources */,
				D034FA4D222557F0000748C4 /* Track-Extensions.swift in Sources */,
				D0764087221B275400304D21 /* SearchResult-Extensions.swift in Sources */,
				D0BC136D221C810000DE8114 /* ArtistController.swift in Sources */,
				D08620C122467D90006F6C90 /* PlayManager.swift in Sources */,
				D01D9011226A415400305E1B /* SearchTypesLayout.swift in Sources */,
				D0764041221B040F00304D21 /* Track.swift in Sources */,
				D00A7BB922207C9100D9D7DF /* AutoBoxable.swift in Sources */,
			);
			runOnlyForDeploymentPostprocessing = 0;
		};
/* End PBXSourcesBuildPhase section */

/* Begin PBXVariantGroup section */
		D0A3D388221231BF00695166 /* LaunchScreen.storyboard */ = {
			isa = PBXVariantGroup;
			children = (
				D0A3D389221231BF00695166 /* Base */,
			);
			name = LaunchScreen.storyboard;
			sourceTree = "<group>";
		};
/* End PBXVariantGroup section */

/* Begin XCBuildConfiguration section */
		D0A3D38C221231BF00695166 /* Debug */ = {
			isa = XCBuildConfiguration;
			buildSettings = {
				ALWAYS_SEARCH_USER_PATHS = NO;
				CLANG_ANALYZER_NONNULL = YES;
				CLANG_ANALYZER_NUMBER_OBJECT_CONVERSION = YES_AGGRESSIVE;
				CLANG_CXX_LANGUAGE_STANDARD = "gnu++14";
				CLANG_CXX_LIBRARY = "libc++";
				CLANG_ENABLE_MODULES = YES;
				CLANG_ENABLE_OBJC_ARC = YES;
				CLANG_ENABLE_OBJC_WEAK = YES;
				CLANG_WARN_BLOCK_CAPTURE_AUTORELEASING = YES;
				CLANG_WARN_BOOL_CONVERSION = YES;
				CLANG_WARN_COMMA = YES;
				CLANG_WARN_CONSTANT_CONVERSION = YES;
				CLANG_WARN_DEPRECATED_OBJC_IMPLEMENTATIONS = YES;
				CLANG_WARN_DIRECT_OBJC_ISA_USAGE = YES_ERROR;
				CLANG_WARN_DOCUMENTATION_COMMENTS = YES;
				CLANG_WARN_EMPTY_BODY = YES;
				CLANG_WARN_ENUM_CONVERSION = YES;
				CLANG_WARN_INFINITE_RECURSION = YES;
				CLANG_WARN_INT_CONVERSION = YES;
				CLANG_WARN_NON_LITERAL_NULL_CONVERSION = YES;
				CLANG_WARN_OBJC_IMPLICIT_RETAIN_SELF = YES;
				CLANG_WARN_OBJC_LITERAL_CONVERSION = YES;
				CLANG_WARN_OBJC_ROOT_CLASS = YES_ERROR;
				CLANG_WARN_RANGE_LOOP_ANALYSIS = YES;
				CLANG_WARN_STRICT_PROTOTYPES = YES;
				CLANG_WARN_SUSPICIOUS_MOVE = YES;
				CLANG_WARN_UNGUARDED_AVAILABILITY = YES_AGGRESSIVE;
				CLANG_WARN_UNREACHABLE_CODE = YES;
				CLANG_WARN__DUPLICATE_METHOD_MATCH = YES;
				CODE_SIGN_IDENTITY = "iPhone Developer";
				COPY_PHASE_STRIP = NO;
				CURRENT_PROJECT_VERSION = 1;
				DEBUG_INFORMATION_FORMAT = dwarf;
				ENABLE_STRICT_OBJC_MSGSEND = YES;
				ENABLE_TESTABILITY = YES;
				GCC_C_LANGUAGE_STANDARD = gnu11;
				GCC_DYNAMIC_NO_PIC = NO;
				GCC_NO_COMMON_BLOCKS = YES;
				GCC_OPTIMIZATION_LEVEL = 0;
				GCC_PREPROCESSOR_DEFINITIONS = (
					"DEBUG=1",
					"$(inherited)",
				);
				GCC_WARN_64_TO_32_BIT_CONVERSION = YES;
				GCC_WARN_ABOUT_RETURN_TYPE = YES_ERROR;
				GCC_WARN_UNDECLARED_SELECTOR = YES;
				GCC_WARN_UNINITIALIZED_AUTOS = YES_AGGRESSIVE;
				GCC_WARN_UNUSED_FUNCTION = YES;
				GCC_WARN_UNUSED_VARIABLE = YES;
				IPHONEOS_DEPLOYMENT_TARGET = 12.0;
				MTL_ENABLE_DEBUG_INFO = INCLUDE_SOURCE;
				MTL_FAST_MATH = YES;
				ONLY_ACTIVE_ARCH = YES;
				SDKROOT = iphoneos;
				SWIFT_ACTIVE_COMPILATION_CONDITIONS = DEBUG;
				SWIFT_OPTIMIZATION_LEVEL = "-Onone";
				SWIFT_VERSION = 5.0;
			};
			name = Debug;
		};
		D0A3D38D221231BF00695166 /* Release */ = {
			isa = XCBuildConfiguration;
			buildSettings = {
				ALWAYS_SEARCH_USER_PATHS = NO;
				CLANG_ANALYZER_NONNULL = YES;
				CLANG_ANALYZER_NUMBER_OBJECT_CONVERSION = YES_AGGRESSIVE;
				CLANG_CXX_LANGUAGE_STANDARD = "gnu++14";
				CLANG_CXX_LIBRARY = "libc++";
				CLANG_ENABLE_MODULES = YES;
				CLANG_ENABLE_OBJC_ARC = YES;
				CLANG_ENABLE_OBJC_WEAK = YES;
				CLANG_WARN_BLOCK_CAPTURE_AUTORELEASING = YES;
				CLANG_WARN_BOOL_CONVERSION = YES;
				CLANG_WARN_COMMA = YES;
				CLANG_WARN_CONSTANT_CONVERSION = YES;
				CLANG_WARN_DEPRECATED_OBJC_IMPLEMENTATIONS = YES;
				CLANG_WARN_DIRECT_OBJC_ISA_USAGE = YES_ERROR;
				CLANG_WARN_DOCUMENTATION_COMMENTS = YES;
				CLANG_WARN_EMPTY_BODY = YES;
				CLANG_WARN_ENUM_CONVERSION = YES;
				CLANG_WARN_INFINITE_RECURSION = YES;
				CLANG_WARN_INT_CONVERSION = YES;
				CLANG_WARN_NON_LITERAL_NULL_CONVERSION = YES;
				CLANG_WARN_OBJC_IMPLICIT_RETAIN_SELF = YES;
				CLANG_WARN_OBJC_LITERAL_CONVERSION = YES;
				CLANG_WARN_OBJC_ROOT_CLASS = YES_ERROR;
				CLANG_WARN_RANGE_LOOP_ANALYSIS = YES;
				CLANG_WARN_STRICT_PROTOTYPES = YES;
				CLANG_WARN_SUSPICIOUS_MOVE = YES;
				CLANG_WARN_UNGUARDED_AVAILABILITY = YES_AGGRESSIVE;
				CLANG_WARN_UNREACHABLE_CODE = YES;
				CLANG_WARN__DUPLICATE_METHOD_MATCH = YES;
				CODE_SIGN_IDENTITY = "iPhone Developer";
				COPY_PHASE_STRIP = NO;
				CURRENT_PROJECT_VERSION = 1;
				DEBUG_INFORMATION_FORMAT = "dwarf-with-dsym";
				ENABLE_NS_ASSERTIONS = NO;
				ENABLE_STRICT_OBJC_MSGSEND = YES;
				GCC_C_LANGUAGE_STANDARD = gnu11;
				GCC_NO_COMMON_BLOCKS = YES;
				GCC_WARN_64_TO_32_BIT_CONVERSION = YES;
				GCC_WARN_ABOUT_RETURN_TYPE = YES_ERROR;
				GCC_WARN_UNDECLARED_SELECTOR = YES;
				GCC_WARN_UNINITIALIZED_AUTOS = YES_AGGRESSIVE;
				GCC_WARN_UNUSED_FUNCTION = YES;
				GCC_WARN_UNUSED_VARIABLE = YES;
				IPHONEOS_DEPLOYMENT_TARGET = 12.0;
				MTL_ENABLE_DEBUG_INFO = NO;
				MTL_FAST_MATH = YES;
				SDKROOT = iphoneos;
				SWIFT_COMPILATION_MODE = wholemodule;
				SWIFT_OPTIMIZATION_LEVEL = "-O";
				SWIFT_VERSION = 5.0;
				VALIDATE_PRODUCT = YES;
			};
			name = Release;
		};
		D0A3D38F221231BF00695166 /* Debug */ = {
			isa = XCBuildConfiguration;
			buildSettings = {
				ASSETCATALOG_COMPILER_APPICON_NAME = AppIcon;
				CODE_SIGN_STYLE = Automatic;
				FRAMEWORK_SEARCH_PATHS = (
					"$(inherited)",
					"$(PROJECT_DIR)/Carthage/Build/iOS",
				);
				INFOPLIST_FILE = Spotifier/Info.plist;
				LD_RUNPATH_SEARCH_PATHS = (
					"$(inherited)",
					"@executable_path/Frameworks",
				);
				PRODUCT_BUNDLE_IDENTIFIER = com.radianttap.Spotifier;
				PRODUCT_NAME = "$(TARGET_NAME)";
				TARGETED_DEVICE_FAMILY = "1,2";
				VERSIONING_SYSTEM = "apple-generic";
			};
			name = Debug;
		};
		D0A3D390221231BF00695166 /* Release */ = {
			isa = XCBuildConfiguration;
			buildSettings = {
				ASSETCATALOG_COMPILER_APPICON_NAME = AppIcon;
				CODE_SIGN_STYLE = Automatic;
				FRAMEWORK_SEARCH_PATHS = (
					"$(inherited)",
					"$(PROJECT_DIR)/Carthage/Build/iOS",
				);
				INFOPLIST_FILE = Spotifier/Info.plist;
				LD_RUNPATH_SEARCH_PATHS = (
					"$(inherited)",
					"@executable_path/Frameworks",
				);
				PRODUCT_BUNDLE_IDENTIFIER = com.radianttap.Spotifier;
				PRODUCT_NAME = "$(TARGET_NAME)";
				TARGETED_DEVICE_FAMILY = "1,2";
				VERSIONING_SYSTEM = "apple-generic";
			};
			name = Release;
		};
/* End XCBuildConfiguration section */

/* Begin XCConfigurationList section */
		D0A3D377221231BD00695166 /* Build configuration list for PBXProject "Spotifier" */ = {
			isa = XCConfigurationList;
			buildConfigurations = (
				D0A3D38C221231BF00695166 /* Debug */,
				D0A3D38D221231BF00695166 /* Release */,
			);
			defaultConfigurationIsVisible = 0;
			defaultConfigurationName = Release;
		};
		D0A3D38E221231BF00695166 /* Build configuration list for PBXNativeTarget "Spotifier" */ = {
			isa = XCConfigurationList;
			buildConfigurations = (
				D0A3D38F221231BF00695166 /* Debug */,
				D0A3D390221231BF00695166 /* Release */,
			);
			defaultConfigurationIsVisible = 0;
			defaultConfigurationName = Release;
		};
/* End XCConfigurationList section */
	};
	rootObject = D0A3D374221231BD00695166 /* Project object */;
}
